
Microsoft Visual Studio Solution File, Format Version 12.00
# Visual Studio Version 16
VisualStudioVersion = 16.0.31702.278
MinimumVisualStudioVersion = 10.0.40219.1
Project("{FAE04EC0-301F-11D3-BF4B-00C04F79EFBC}") = "CashRegister", "CashRegister.csproj", "{2CA2D66F-F134-4BBA-B8DE-A6D878767E5F}"
EndProject
Global
	GlobalSection(SolutionConfigurationPlatforms) = preSolution
		Debug|Any CPU = Debug|Any CPU
		Release|Any CPU = Release|Any CPU
	EndGlobalSection
	GlobalSection(ProjectConfigurationPlatforms) = postSolution
		{2CA2D66F-F134-4BBA-B8DE-A6D878767E5F}.Debug|Any CPU.ActiveCfg = Debug|Any CPU
		{2CA2D66F-F134-4BBA-B8DE-A6D878767E5F}.Debug|Any CPU.Build.0 = Debug|Any CPU
		{2CA2D66F-F134-4BBA-B8DE-A6D878767E5F}.Release|Any CPU.ActiveCfg = Release|Any CPU
		{2CA2D66F-F134-4BBA-B8DE-A6D878767E5F}.Release|Any CPU.Build.0 = Release|Any CPU
	EndGlobalSection
	GlobalSection(SolutionProperties) = preSolution
		HideSolutionNode = FALSE
	EndGlobalSection
	GlobalSection(ExtensibilityGlobals) = postSolution
		SolutionGuid = {BB3C2F3D-204A-48F1-8C52-7644271FBD9E}
	EndGlobalSection
EndGlobal
